
Microsoft Visual Studio Solution File, Format Version 10.00
# Visual Studio 2008
Project("{8BC9CEB8-8B4A-11D0-8D11-00A0C91BC942}") = "PEValidate", "PEValidate\PEValidate.vcproj", "{A1AC4A85-F794-4554-9E50-A492518F2641}"
EndProject
Global
	GlobalSection(SolutionConfigurationPlatforms) = preSolution
		Debug|Win32 = Debug|Win32
		Release|Win32 = Release|Win32
	EndGlobalSection
	GlobalSection(ProjectConfigurationPlatforms) = postSolution
		{A1AC4A85-F794-4554-9E50-A492518F2641}.Debug|Win32.ActiveCfg = Debug|Win32
		{A1AC4A85-F794-4554-9E50-A492518F2641}.Debug|Win32.Build.0 = Debug|Win32
		{A1AC4A85-F794-4554-9E50-A492518F2641}.Release|Win32.ActiveCfg = Release|Win32
		{A1AC4A85-F794-4554-9E50-A492518F2641}.Release|Win32.Build.0 = Release|Win32
	EndGlobalSection
	GlobalSection(SolutionProperties) = preSolution
		HideSolutionNode = FALSE
	EndGlobalSection
EndGlobal
