
Microsoft Visual Studio Solution File, Format Version 10.00
# Visual Studio 2008
Project("{8BC9CEB8-8B4A-11D0-8D11-00A0C91BC942}") = "Nexus", "Nexus\Nexus.vcproj", "{8897C603-00DA-4660-9A29-BBCA771878ED}"
EndProject
Global
	GlobalSection(SolutionConfigurationPlatforms) = preSolution
		Debug|Win32 = Debug|Win32
		Release|Win32 = Release|Win32
	EndGlobalSection
	GlobalSection(ProjectConfigurationPlatforms) = postSolution
		{8897C603-00DA-4660-9A29-BBCA771878ED}.Debug|Win32.ActiveCfg = Debug|Win32
		{8897C603-00DA-4660-9A29-BBCA771878ED}.Debug|Win32.Build.0 = Debug|Win32
		{8897C603-00DA-4660-9A29-BBCA771878ED}.Release|Win32.ActiveCfg = Release|Win32
		{8897C603-00DA-4660-9A29-BBCA771878ED}.Release|Win32.Build.0 = Release|Win32
	EndGlobalSection
	GlobalSection(SolutionProperties) = preSolution
		HideSolutionNode = FALSE
	EndGlobalSection
EndGlobal
